<Solution>
  <Project Path="Resonance.Places.Api/Resonance.Places.Api.csproj" />
  <Project Path="Resonance.Places.Application/Resonance.Places.Application.csproj" />
  <Project Path="Resonance.Places.Domain/Resonance.Places.Domain.csproj" />
  <Project Path="Resonance.Places.Infrastructure/Resonance.Places.Infrastructure.csproj" />
</Solution>
